
Microsoft Visual Studio Solution File, Format Version 12.00
Project("{FAE04EC0-301F-11D3-BF4B-00C04F79EFBC}") = "WebApp", "WebApp\WebApp.csproj", "{83C6EC13-2FB6-43CA-91F1-F4B168F615FE}"
EndProject
Project("{2150E333-8FDC-42A3-9474-1A3956D46DE8}") = "Solution Items", "Solution Items", "{7493991C-FC18-4F0E-9684-131021EE3FC8}"
	ProjectSection(SolutionItems) = preProject
		docker-compose.yml = docker-compose.yml
	EndProjectSection
EndProject
Global
	GlobalSection(SolutionConfigurationPlatforms) = preSolution
		Debug|Any CPU = Debug|Any CPU
		Release|Any CPU = Release|Any CPU
	EndGlobalSection
	GlobalSection(ProjectConfigurationPlatforms) = postSolution
		{83C6EC13-2FB6-43CA-91F1-F4B168F615FE}.Debug|Any CPU.ActiveCfg = Debug|Any CPU
		{83C6EC13-2FB6-43CA-91F1-F4B168F615FE}.Debug|Any CPU.Build.0 = Debug|Any CPU
		{83C6EC13-2FB6-43CA-91F1-F4B168F615FE}.Release|Any CPU.ActiveCfg = Release|Any CPU
		{83C6EC13-2FB6-43CA-91F1-F4B168F615FE}.Release|Any CPU.Build.0 = Release|Any CPU
	EndGlobalSection
	GlobalSection(NestedProjects) = preSolution
	EndGlobalSection
EndGlobal
